
Microsoft Visual Studio Solution File, Format Version 12.00
# Visual Studio 14
VisualStudioVersion = 14.0.23107.0
MinimumVisualStudioVersion = 10.0.40219.1
Project("{F184B08F-C81C-45F6-A57F-5ABD9991F28F}") = "ChatProjectServer", "ChatProjectServer\ChatProjectServer.vbproj", "{4FA0F66A-54CD-4D0D-9E88-DA57B4B5D9AA}"
EndProject
Project("{F184B08F-C81C-45F6-A57F-5ABD9991F28F}") = "ChatProjectClient", "ChatProjectClient\ChatProjectClient.vbproj", "{B0C5E34B-3835-4423-AD72-E39BC35CD9FF}"
EndProject
Project("{F184B08F-C81C-45F6-A57F-5ABD9991F28F}") = "XProtocol", "XProtocol\XProtocol.vbproj", "{6379E439-8AED-4097-92C7-6EA1210D1219}"
EndProject
Global
	GlobalSection(SolutionConfigurationPlatforms) = preSolution
		Debug|Any CPU = Debug|Any CPU
		Release|Any CPU = Release|Any CPU
	EndGlobalSection
	GlobalSection(ProjectConfigurationPlatforms) = postSolution
		{4FA0F66A-54CD-4D0D-9E88-DA57B4B5D9AA}.Debug|Any CPU.ActiveCfg = Debug|Any CPU
		{4FA0F66A-54CD-4D0D-9E88-DA57B4B5D9AA}.Debug|Any CPU.Build.0 = Debug|Any CPU
		{4FA0F66A-54CD-4D0D-9E88-DA57B4B5D9AA}.Release|Any CPU.ActiveCfg = Release|Any CPU
		{4FA0F66A-54CD-4D0D-9E88-DA57B4B5D9AA}.Release|Any CPU.Build.0 = Release|Any CPU
		{B0C5E34B-3835-4423-AD72-E39BC35CD9FF}.Debug|Any CPU.ActiveCfg = Debug|Any CPU
		{B0C5E34B-3835-4423-AD72-E39BC35CD9FF}.Debug|Any CPU.Build.0 = Debug|Any CPU
		{B0C5E34B-3835-4423-AD72-E39BC35CD9FF}.Release|Any CPU.ActiveCfg = Release|Any CPU
		{B0C5E34B-3835-4423-AD72-E39BC35CD9FF}.Release|Any CPU.Build.0 = Release|Any CPU
		{6379E439-8AED-4097-92C7-6EA1210D1219}.Debug|Any CPU.ActiveCfg = Debug|Any CPU
		{6379E439-8AED-4097-92C7-6EA1210D1219}.Debug|Any CPU.Build.0 = Debug|Any CPU
		{6379E439-8AED-4097-92C7-6EA1210D1219}.Release|Any CPU.ActiveCfg = Release|Any CPU
		{6379E439-8AED-4097-92C7-6EA1210D1219}.Release|Any CPU.Build.0 = Release|Any CPU
	EndGlobalSection
	GlobalSection(SolutionProperties) = preSolution
		HideSolutionNode = FALSE
	EndGlobalSection
EndGlobal
